
Microsoft Visual Studio Solution File, Format Version 12.00
# Visual Studio 15
VisualStudioVersion = 15.0.28307.102
MinimumVisualStudioVersion = 10.0.40219.1
Project("{FAE04EC0-301F-11D3-BF4B-00C04F79EFBC}") = "HW_1_ADO.net", "HW_1_ADO.net\HW_1_ADO.net.csproj", "{F02EF6B4-CC1C-4034-82AC-E8949C1B5D03}"
EndProject
Global
	GlobalSection(SolutionConfigurationPlatforms) = preSolution
		Debug|Any CPU = Debug|Any CPU
		Release|Any CPU = Release|Any CPU
	EndGlobalSection
	GlobalSection(ProjectConfigurationPlatforms) = postSolution
		{F02EF6B4-CC1C-4034-82AC-E8949C1B5D03}.Debug|Any CPU.ActiveCfg = Debug|Any CPU
		{F02EF6B4-CC1C-4034-82AC-E8949C1B5D03}.Debug|Any CPU.Build.0 = Debug|Any CPU
		{F02EF6B4-CC1C-4034-82AC-E8949C1B5D03}.Release|Any CPU.ActiveCfg = Release|Any CPU
		{F02EF6B4-CC1C-4034-82AC-E8949C1B5D03}.Release|Any CPU.Build.0 = Release|Any CPU
	EndGlobalSection
	GlobalSection(SolutionProperties) = preSolution
		HideSolutionNode = FALSE
	EndGlobalSection
	GlobalSection(ExtensibilityGlobals) = postSolution
		SolutionGuid = {0C1B4E7D-8C8F-49FE-B77A-F58E421B362D}
	EndGlobalSection
EndGlobal
